
Microsoft Visual Studio Solution File, Format Version 12.00
# Visual Studio Version 16
VisualStudioVersion = 16.0.30114.105
MinimumVisualStudioVersion = 10.0.40219.1
Project("{FAE04EC0-301F-11D3-BF4B-00C04F79EFBC}") = "DataStructures", "DataStructures\DataStructures.csproj", "{1F923903-5378-4B94-8AAE-CC3B90331C90}"
EndProject
Project("{FAE04EC0-301F-11D3-BF4B-00C04F79EFBC}") = "DataStructuresTests", "DataStructuresTests\DataStructuresTests.csproj", "{755D36AB-2F1C-4C97-BD9F-BCE5F1DF5EA3}"
EndProject
Project("{FAE04EC0-301F-11D3-BF4B-00C04F79EFBC}") = "Algorithms", "Algorithms\Algorithms.csproj", "{0CAA60E9-9115-41CD-A45E-D29E62D722BC}"
EndProject
Project("{FAE04EC0-301F-11D3-BF4B-00C04F79EFBC}") = "AlgorithmsTests", "AlgorithmsTests\AlgorithmsTests.csproj", "{D872C87D-AD78-4CB6-B1C0-56C3D5E4CF14}"
EndProject
Global
	GlobalSection(SolutionConfigurationPlatforms) = preSolution
		Debug|Any CPU = Debug|Any CPU
		Release|Any CPU = Release|Any CPU
	EndGlobalSection
	GlobalSection(SolutionProperties) = preSolution
		HideSolutionNode = FALSE
	EndGlobalSection
	GlobalSection(ProjectConfigurationPlatforms) = postSolution
		{1F923903-5378-4B94-8AAE-CC3B90331C90}.Debug|Any CPU.ActiveCfg = Debug|Any CPU
		{1F923903-5378-4B94-8AAE-CC3B90331C90}.Debug|Any CPU.Build.0 = Debug|Any CPU
		{1F923903-5378-4B94-8AAE-CC3B90331C90}.Release|Any CPU.ActiveCfg = Release|Any CPU
		{1F923903-5378-4B94-8AAE-CC3B90331C90}.Release|Any CPU.Build.0 = Release|Any CPU
		{755D36AB-2F1C-4C97-BD9F-BCE5F1DF5EA3}.Debug|Any CPU.ActiveCfg = Debug|Any CPU
		{755D36AB-2F1C-4C97-BD9F-BCE5F1DF5EA3}.Debug|Any CPU.Build.0 = Debug|Any CPU
		{755D36AB-2F1C-4C97-BD9F-BCE5F1DF5EA3}.Release|Any CPU.ActiveCfg = Release|Any CPU
		{755D36AB-2F1C-4C97-BD9F-BCE5F1DF5EA3}.Release|Any CPU.Build.0 = Release|Any CPU
		{0CAA60E9-9115-41CD-A45E-D29E62D722BC}.Debug|Any CPU.ActiveCfg = Debug|Any CPU
		{0CAA60E9-9115-41CD-A45E-D29E62D722BC}.Debug|Any CPU.Build.0 = Debug|Any CPU
		{0CAA60E9-9115-41CD-A45E-D29E62D722BC}.Release|Any CPU.ActiveCfg = Release|Any CPU
		{0CAA60E9-9115-41CD-A45E-D29E62D722BC}.Release|Any CPU.Build.0 = Release|Any CPU
		{D872C87D-AD78-4CB6-B1C0-56C3D5E4CF14}.Debug|Any CPU.ActiveCfg = Debug|Any CPU
		{D872C87D-AD78-4CB6-B1C0-56C3D5E4CF14}.Debug|Any CPU.Build.0 = Debug|Any CPU
		{D872C87D-AD78-4CB6-B1C0-56C3D5E4CF14}.Release|Any CPU.ActiveCfg = Release|Any CPU
		{D872C87D-AD78-4CB6-B1C0-56C3D5E4CF14}.Release|Any CPU.Build.0 = Release|Any CPU
	EndGlobalSection
EndGlobal
